# THIS IS AN AUTOGENERATED FILE. DO NOT EDIT THIS FILE DIRECTLY.
# yarn lockfile v1


ansi-styles@^4.1.0:
  version "4.3.0"
  resolved "https://registry.yarnpkg.com/ansi-styles/-/ansi-styles-4.3.0.tgz#edd803628ae71c04c85ae7a0906edad34b648937"
  integrity sha512-zbB9rCJAT1rbjiVDb2hqKFHNYLxgtk8NURxZ3IZwD3F6NtxbXZQCnnSi1Lkx+IDohdPlFp222wVALIheZJQSEg==
  dependencies:
    color-convert "^2.0.1"

bignumber.js@4.0.4:
  version "4.0.4"
  resolved "https://registry.yarnpkg.com/bignumber.js/-/bignumber.js-4.0.4.tgz#7c40f5abcd2d6623ab7b99682ee7db81b11889a4"
  integrity sha512-LDXpJKVzEx2/OqNbG9mXBNvHuiRL4PzHCGfnANHMJ+fv68Ads3exDVJeGDJws+AoNEuca93bU3q+S0woeUaCdg==

bignumber.js@9.0.0:
  version "9.0.0"
  resolved "https://registry.yarnpkg.com/bignumber.js/-/bignumber.js-9.0.0.tgz#805880f84a329b5eac6e7cb6f8274b6d82bdf075"
  integrity sha512-t/OYhhJ2SD+YGBQcjY8GzzDHEk9f3nerxjtfa6tlMXfe7frs/WozhvCNoGvpM0P3bNf3Gq5ZRMlGr5f3r4/N8A==

bindings@^1.5.0:
  version "1.5.0"
  resolved "https://registry.yarnpkg.com/bindings/-/bindings-1.5.0.tgz#10353c9e945334bc0511a6d90b38fbc7c9c504df"
  integrity sha512-p2q/t/mhvuOj/UeLlV6566GD/guowlr0hHxClI0W9m7MWYkL1F0hLo+0Aexs9HSPCtR1SXQ0TD3MMKrXZajbiQ==
  dependencies:
    file-uri-to-path "1.0.0"

braces@^3.0.2:
  version "3.0.2"
  resolved "https://registry.yarnpkg.com/braces/-/braces-3.0.2.tgz#3454e1a462ee8d599e236df336cd9ea4f8afe107"
  integrity sha512-b8um+L1RzM3WDSzvhm6gIz1yfTbBt6YTlcEKAvsmqCZZFw46z626lVj9j1yEPW33H5H+lBQpZMP1k8l+78Ha0A==
  dependencies:
    fill-range "^7.0.1"

chalk@^4.0.0:
  version "4.1.2"
  resolved "https://registry.yarnpkg.com/chalk/-/chalk-4.1.2.tgz#aac4e2b7734a740867aeb16bf02aad556a1e7a01"
  integrity sha512-oKnbhFyRIXpUuez8iBMmyEa4nbj4IOQyuhc/wy9kY7/WVPcwIO9VA668Pu8RkO7+0G76SLROeyw9CpQ061i4mA==
  dependencies:
    ansi-styles "^4.1.0"
    supports-color "^7.1.0"

clone@^2.1.2:
  version "2.1.2"
  resolved "https://registry.yarnpkg.com/clone/-/clone-2.1.2.tgz#1b7f4b9f591f1e8f83670401600345a02887435f"
  integrity sha512-3Pe/CF1Nn94hyhIYpjtiLhdCoEoz0DqQ+988E9gmeEdQZlojxnOb74wctFyuwWQHzqyf9X7C7MG8juUpqBJT8w==

color-convert@^2.0.1:
  version "2.0.1"
  resolved "https://registry.yarnpkg.com/color-convert/-/color-convert-2.0.1.tgz#72d3a68d598c9bdb3af2ad1e84f21d896abd4de3"
  integrity sha512-RRECPsj7iu/xb5oKYcsFHSppFNnsj/52OVTRKb4zP5onXwVF3zVmmToNcOfGC+CRDpfK/U584fMg38ZHCaElKQ==
  dependencies:
    color-name "~1.1.4"

color-name@~1.1.4:
  version "1.1.4"
  resolved "https://registry.yarnpkg.com/color-name/-/color-name-1.1.4.tgz#c2a09a87acbde69543de6f63fa3995c826c536a2"
  integrity sha512-dOy+3AuW3a2wNbZHIuMZpTcgjGuLU/uBL/ubcZF9OXbDo8ff4O8yVp5Bf0efS8uEoYo5q4Fx7dY9OgQGXgAsQA==

connected-domain@^1.0.0:
  version "1.0.0"
  resolved "https://registry.yarnpkg.com/connected-domain/-/connected-domain-1.0.0.tgz#bfe77238c74be453a79f0cb6058deeb4f2358e93"
  integrity sha512-lHlohUiJxlpunvDag2Y0pO20bnvarMjnrdciZeuJUqRwrf/5JHNhdpiPIr5GQ8IkqrFj5TDMQwcCjblGo1oeuA==

core-util-is@~1.0.0:
  version "1.0.3"
  resolved "https://registry.yarnpkg.com/core-util-is/-/core-util-is-1.0.3.tgz#a6042d3634c2b27e9328f837b965fac83808db85"
  integrity sha512-ZQBvi1DcpJ4GDqanjucZ2Hj3wEO5pZDS89BWbkcrvdxksJorwUDDZamX9ldFkp9aw2lmBDLgkObEA4DWNJ9FYQ==

data-matching@^1.23.6:
  version "1.23.9"
  resolved "https://registry.yarnpkg.com/data-matching/-/data-matching-1.23.9.tgz#bc0fe24bdc26292c80e8f8de172bf2f3a055b294"
  integrity sha512-kKziTDOo5qlGmQTeAs4GuOLOMPxzqbzT743pnZ3z+oAGQ57iI3Y7R6W8Zciso5d2RYcKxHM0GpcAp+332VEglw==
  dependencies:
    braces "^3.0.2"
    lodash "^4.17.21"
    set-value "^4.0.1"
    string-matching "^1.11.8"
    tmpl "^1.0.5"

deasync@^0.1.19:
  version "0.1.28"
  resolved "https://registry.yarnpkg.com/deasync/-/deasync-0.1.28.tgz#9b447b79b3f822432f0ab6a8614c0062808b5ad2"
  integrity sha512-QqLF6inIDwiATrfROIyQtwOQxjZuek13WRYZ7donU5wJPLoP67MnYxA6QtqdvdBy2mMqv5m3UefBVdJjvevOYg==
  dependencies:
    bindings "^1.5.0"
    node-addon-api "^1.7.1"

es6-template-regex@^0.1.1:
  version "0.1.1"
  resolved "https://registry.yarnpkg.com/es6-template-regex/-/es6-template-regex-0.1.1.tgz#e517b9e0f742beeb8d3040834544fda0e4651467"
  integrity sha512-sCeu9DOYhaSlKG7ry2y384bwxxaxPPdqWS0Jj45lv1MeQSpRK7mYlLO0jZdqwDLHViDWMsMikOkSIXuXpf4DiQ==

es6-template@^1.0.4:
  version "1.0.4"
  resolved "https://registry.yarnpkg.com/es6-template/-/es6-template-1.0.4.tgz#56af42b57a31f5175d3f567d44b1efc12d2f2636"
  integrity sha512-91S2Zl/xHps/4gYIOFTl6xIEZgkCYSmyH6Nmw3uZUD89EEjj7YjK4m8C9RbjSHwCw94ENLOJJQjxZ6eEM4JanQ==
  dependencies:
    es6-template-regex "^0.1.1"
    extend-shallow "^2.0.1"
    get-value "^2.0.2"
    lazy-cache "^1.0.3"
    mkdirp "^0.5.1"
    sliced "^1.0.1"

extend-shallow@^2.0.1:
  version "2.0.1"
  resolved "https://registry.yarnpkg.com/extend-shallow/-/extend-shallow-2.0.1.tgz#51af7d614ad9a9f610ea1bafbb989d6b1c56890f"
  integrity sha512-zCnTtlxNoAiDc3gqY2aYAWFx7XWWiasuF2K8Me5WbN8otHKTUKBwjPtNpRs/rbUZm7KxWAaNj7P1a/p52GbVug==
  dependencies:
    is-extendable "^0.1.0"

file-uri-to-path@1.0.0:
  version "1.0.0"
  resolved "https://registry.yarnpkg.com/file-uri-to-path/-/file-uri-to-path-1.0.0.tgz#553a7b8446ff6f684359c445f1e37a05dacc33dd"
  integrity sha512-0Zt+s3L7Vf1biwWZ29aARiVYLx7iMGnEUl9x33fbB/j3jR81u/O2LbqK+Bm1CDSNDKVtJ/YjwY7TUd5SkeLQLw==

fill-range@^7.0.1:
  version "7.0.1"
  resolved "https://registry.yarnpkg.com/fill-range/-/fill-range-7.0.1.tgz#1919a6a7c75fe38b2c7c77e5198535da9acdda40"
  integrity sha512-qOo9F+dMUmC2Lcb4BbVvnKJxTPjCm+RRpe4gDuGrzkL7mEVl/djYSu2OdQ2Pa302N4oqkSg9ir6jaLWJ2USVpQ==
  dependencies:
    to-regex-range "^5.0.1"

get-value@^2.0.2:
  version "2.0.6"
  resolved "https://registry.yarnpkg.com/get-value/-/get-value-2.0.6.tgz#dc15ca1c672387ca76bd37ac0a395ba2042a2c28"
  integrity sha512-Ln0UQDlxH1BapMu3GPtf7CuYNwRZf2gwCuPqbyG6pB8WfmFpzqcy4xtAaAMUhnNqjMKTiCPZG2oMT3YSx8U2NA==

growly@^1.3.0:
  version "1.3.0"
  resolved "https://registry.yarnpkg.com/growly/-/growly-1.3.0.tgz#f10748cbe76af964b7c96c93c6bcc28af120c081"
  integrity sha512-+xGQY0YyAWCnqy7Cd++hc2JqMYzlm0dG30Jd0beaA64sROr8C4nt8Yc9V5Ro3avlSUDTN0ulqP/VBKi1/lLygw==

has-flag@^4.0.0:
  version "4.0.0"
  resolved "https://registry.yarnpkg.com/has-flag/-/has-flag-4.0.0.tgz#944771fd9c81c81265c4d6941860da06bb59479b"
  integrity sha512-EykJT/Q1KjTWctppgIAgfSO0tKVuZUjhgMr17kqTumMl6Afv3EISleU7qZUzoXDFTAHTDC4NOoG/ZxU3EvlMPQ==

inherits@~2.0.3:
  version "2.0.4"
  resolved "https://registry.yarnpkg.com/inherits/-/inherits-2.0.4.tgz#0fa2c64f932917c3433a0ded55363aae37416b7c"
  integrity sha512-k/vGaX4/Yla3WzyMCvTQOXYeIHvqOKtnqBduzTHpzpQZzAskKMhZ2K+EnBiSM9zGSoIFeMpXKxa4dYeZIQqewQ==

is-docker@^2.0.0:
  version "2.2.1"
  resolved "https://registry.yarnpkg.com/is-docker/-/is-docker-2.2.1.tgz#33eeabe23cfe86f14bde4408a02c0cfb853acdaa"
  integrity sha512-F+i2BKsFrH66iaUFc0woD8sLy8getkwTwtOBjvs56Cx4CgJDeKQeqfz8wAYiSb8JOprWhHH5p77PbmYCvvUuXQ==

is-extendable@^0.1.0:
  version "0.1.1"
  resolved "https://registry.yarnpkg.com/is-extendable/-/is-extendable-0.1.1.tgz#62b110e289a471418e3ec36a617d472e301dfc89"
  integrity sha512-5BMULNob1vgFX6EjQw5izWDxrecWK9AM72rugNr0TFldMOi0fj6Jk+zeKIt0xGj4cEfQIJth4w3OKWOJ4f+AFw==

is-number@^7.0.0:
  version "7.0.0"
  resolved "https://registry.yarnpkg.com/is-number/-/is-number-7.0.0.tgz#7535345b896734d5f80c4d06c50955527a14f12b"
  integrity sha512-41Cifkg6e8TylSpdtTpeLVMqvSBEVzTttHvERD741+pnZ8ANv0004MRL43QKPDlK9cGvNp6NZWZUBlbGXYxxng==

is-plain-object@^2.0.4:
  version "2.0.4"
  resolved "https://registry.yarnpkg.com/is-plain-object/-/is-plain-object-2.0.4.tgz#2c163b3fafb1b606d9d17928f05c2a1c38e07677"
  integrity sha512-h5PpgXkWitc38BBMYawTYMWJHFZJVnBquFE57xFpjB8pJFiF6gZ+bU+WyI/yqXiFR5mdLsgYNaPe8uao6Uv9Og==
  dependencies:
    isobject "^3.0.1"

is-primitive@^3.0.1:
  version "3.0.1"
  resolved "https://registry.yarnpkg.com/is-primitive/-/is-primitive-3.0.1.tgz#98c4db1abff185485a657fc2905052b940524d05"
  integrity sha512-GljRxhWvlCNRfZyORiH77FwdFwGcMO620o37EOYC0ORWdq+WYNVqW0w2Juzew4M+L81l6/QS3t5gkkihyRqv9w==

is-wsl@^2.2.0:
  version "2.2.0"
  resolved "https://registry.yarnpkg.com/is-wsl/-/is-wsl-2.2.0.tgz#74a4c76e77ca9fd3f932f290c17ea326cd157271"
  integrity sha512-fKzAra0rGJUUBwGBgNkHZuToZcn+TtXHpeCgmkMJMMYx1sQDYaCSyjJBSCa2nH1DGm7s3n1oBnohoVTBaN7Lww==
  dependencies:
    is-docker "^2.0.0"

isarray@~1.0.0:
  version "1.0.0"
  resolved "https://registry.yarnpkg.com/isarray/-/isarray-1.0.0.tgz#bb935d48582cba168c06834957a54a3e07124f11"
  integrity sha512-VLghIWNM6ELQzo7zwmcg0NmTVyWKYjvIeM83yjp0wRDTmUnrM678fQbcKBo6n2CJEF0szoG//ytg+TKla89ALQ==

isexe@^2.0.0:
  version "2.0.0"
  resolved "https://registry.yarnpkg.com/isexe/-/isexe-2.0.0.tgz#e8fbf374dc556ff8947a10dcb0572d633f2cfa10"
  integrity sha512-RHxMLp9lnKHGHRng9QFhRCMbYAcVpn69smSGcq3f36xjgVVWThj4qqLbTLlq7Ssj8B+fIQ1EuCEGI2lKsyQeIw==

isobject@^3.0.1:
  version "3.0.1"
  resolved "https://registry.yarnpkg.com/isobject/-/isobject-3.0.1.tgz#4e431e92b11a9731636aa1f9c8d1ccbcfdab78df"
  integrity sha512-WhB9zCku7EGTj/HQQRz5aUQEUeoQZH2bWcltRErOpymJ4boYE6wL9Tbr23krRPSZ+C5zqNSrSw+Cc7sZZ4b7vg==

kind-of@^6.0.3:
  version "6.0.3"
  resolved "https://registry.yarnpkg.com/kind-of/-/kind-of-6.0.3.tgz#07c05034a6c349fa06e24fa35aa76db4580ce4dd"
  integrity sha512-dcS1ul+9tmeD95T+x28/ehLgd9mENa3LsvDTtzm3vyBEO7RPptvAD+t44WVXaUjTBRcrpFeFlC8WCruUR456hw==

lazy-cache@^1.0.3:
  version "1.0.4"
  resolved "https://registry.yarnpkg.com/lazy-cache/-/lazy-cache-1.0.4.tgz#a1d78fc3a50474cb80845d3b3b6e1da49a446e8e"
  integrity sha512-RE2g0b5VGZsOCFOCgP7omTRYFqydmZkBwl5oNnQ1lDYC57uyO9KqNnNVxT7COSHTxrRCWVcAVOcbjk+tvh/rgQ==

lodash@^4.17.20, lodash@^4.17.21:
  version "4.17.21"
  resolved "https://registry.yarnpkg.com/lodash/-/lodash-4.17.21.tgz#679591c564c3bffaae8454cf0b3df370c3d6911c"
  integrity sha512-v2kDEe57lecTulaDIuNTPy3Ry4gLGJ6Z1O3vE1krgXZNrsQ+LFTGHVxVjcXPs17LhbZVGedAJv8XZ1tvj5FvSg==

lru-cache@^6.0.0:
  version "6.0.0"
  resolved "https://registry.yarnpkg.com/lru-cache/-/lru-cache-6.0.0.tgz#6d6fe6570ebd96aaf90fcad1dafa3b2566db3a94"
  integrity sha512-Jo6dJ04CmSjuznwJSS3pUeWmd/H0ffTlkXXgwZi+eq1UCmqQwCh+eLsYOYCwY991i2Fah4h1BEMCx4qThGbsiA==
  dependencies:
    yallist "^4.0.0"

"magic-globals@github:MayamaTakeshi/magic-globals-MODS":
  version "0.9.1"
  resolved "https://codeload.github.com/MayamaTakeshi/magic-globals-MODS/tar.gz/533171cf78d393c27743444b4dc76dcca0754742"

merge@^2.1.1:
  version "2.1.1"
  resolved "https://registry.yarnpkg.com/merge/-/merge-2.1.1.tgz#59ef4bf7e0b3e879186436e8481c06a6c162ca98"
  integrity sha512-jz+Cfrg9GWOZbQAnDQ4hlVnQky+341Yk5ru8bZSe6sIDTCIg8n9i/u7hSQGSVOF3C7lH6mGtqjkiT9G4wFLL0w==

minimist@^1.2.6:
  version "1.2.6"
  resolved "https://registry.yarnpkg.com/minimist/-/minimist-1.2.6.tgz#8637a5b759ea0d6e98702cfb3a9283323c93af44"
  integrity sha512-Jsjnk4bw3YJqYzbdyBiNsPWHPfO++UGG749Cxs6peCu5Xg4nrena6OVxOYxrQTqww0Jmwt+Ref8rggumkTLz9Q==

mkdirp@^0.5.1:
  version "0.5.6"
  resolved "https://registry.yarnpkg.com/mkdirp/-/mkdirp-0.5.6.tgz#7def03d2432dcae4ba1d611445c48396062255f6"
  integrity sha512-FP+p8RB8OWpF3YZBCrP5gtADmtXApB5AMLn+vdyA+PyxCjrCs00mjyUozssO33cwDeT3wNGdLxJ5M//YqtHAJw==
  dependencies:
    minimist "^1.2.6"

mkdirp@^1.0.4:
  version "1.0.4"
  resolved "https://registry.yarnpkg.com/mkdirp/-/mkdirp-1.0.4.tgz#3eb5ed62622756d79a5f0e2a221dfebad75c2f7e"
  integrity sha512-vVqVZQyf3WLx2Shd0qJ9xuvqgAyKPLAiqITEtqW0oIUjzo3PePDd6fW9iFz30ef7Ysp/oiWqbhszeGWW2T6Gzw==

moment@^2.29.1:
  version "2.29.4"
  resolved "https://registry.yarnpkg.com/moment/-/moment-2.29.4.tgz#3dbe052889fe7c1b2ed966fcb3a77328964ef108"
  integrity sha512-5LC9SOxjSc2HF6vO2CyuTDNivEdoz2IvyJJGj6X8DJ0eFyfszE0QiEd+iXmBvUP3WHxSjFH/vIsA0EN00cgr8w==

mysql@^2.18.1:
  version "2.18.1"
  resolved "https://registry.yarnpkg.com/mysql/-/mysql-2.18.1.tgz#2254143855c5a8c73825e4522baf2ea021766717"
  integrity sha512-Bca+gk2YWmqp2Uf6k5NFEurwY/0td0cpebAucFpY/3jhrwrVGuxU2uQFCHjU19SJfje0yQvi+rVWdq78hR5lig==
  dependencies:
    bignumber.js "9.0.0"
    readable-stream "2.3.7"
    safe-buffer "5.1.2"
    sqlstring "2.3.1"

"mysql@git+https://github.com/MayamaTakeshi/mysql.git#a24456ab2d428d46292b9490bbb8e88bc72c8688":
  version "2.15.0"
  resolved "git+https://github.com/MayamaTakeshi/mysql.git#a24456ab2d428d46292b9490bbb8e88bc72c8688"
  dependencies:
    bignumber.js "4.0.4"
    readable-stream "2.3.3"
    safe-buffer "5.1.1"
    sqlstring "2.3.0"

mysql_query_collector@^1.11.1:
  version "1.11.1"
  resolved "https://registry.yarnpkg.com/mysql_query_collector/-/mysql_query_collector-1.11.1.tgz#44c5e60c538341d00210f5dea8fbfafbcfd9f72b"
  integrity sha512-ejO2f40kU2yec/L1/No3E9S7tbiB4uL4L6spLgMCX3mP2wDZwSUS1+gg6BBh9r4YBa4fvHKIsA4F5L2lZd45mQ==
  dependencies:
    deasync "^0.1.19"
    mysql "git+https://github.com/MayamaTakeshi/mysql.git#a24456ab2d428d46292b9490bbb8e88bc72c8688"

node-addon-api@^1.7.1:
  version "1.7.2"
  resolved "https://registry.yarnpkg.com/node-addon-api/-/node-addon-api-1.7.2.tgz#3df30b95720b53c24e59948b49532b662444f54d"
  integrity sha512-ibPK3iA+vaY1eEjESkQkM0BbCqFOaZMiXRTtdB0u7b4djtY6JnsjvPdUHVMg6xQt3B8fpTTWHI9A+ADjM9frzg==

node-events@0.0.2:
  version "0.0.2"
  resolved "https://registry.yarnpkg.com/node-events/-/node-events-0.0.2.tgz#6171dd01124839ce4d2b50ab3d9db6c9ae953410"
  integrity sha512-wk5g7b1cj3ty1o6RqY79S1yX7zlKIwuMkCeJ9V/tphpgV2xZ7av39CInwBMioPDWwU1gSByLwMTILnqwOx2wtg==

node-expr@^0.0.2:
  version "0.0.2"
  resolved "https://registry.yarnpkg.com/node-expr/-/node-expr-0.0.2.tgz#e58312c48e0ffe63150b17dbd29c8d181c9fe96e"
  integrity sha512-dYdHSRgNlXhnk0M/log/SfTCVVum5eZr/4egOOifLf8TTEGxBqm1qsV4ccf37eZcFtBIXQy8ubrKnjdVGRo4ew==

node-notifier@^10.0.0:
  version "10.0.1"
  resolved "https://registry.yarnpkg.com/node-notifier/-/node-notifier-10.0.1.tgz#0e82014a15a8456c4cfcdb25858750399ae5f1c7"
  integrity sha512-YX7TSyDukOZ0g+gmzjB6abKu+hTGvO8+8+gIFDsRCU2t8fLV/P2unmt+LGFaIa4y64aX98Qksa97rgz4vMNeLQ==
  dependencies:
    growly "^1.3.0"
    is-wsl "^2.2.0"
    semver "^7.3.5"
    shellwords "^0.1.1"
    uuid "^8.3.2"
    which "^2.0.2"

"node-redis-protocol@github:MayamaTakeshi/node-redis-protocol#f45ae2e74969bfe2c306ee793b34690472da3a9f":
  version "0.0.5"
  resolved "https://codeload.github.com/MayamaTakeshi/node-redis-protocol/tar.gz/f45ae2e74969bfe2c306ee793b34690472da3a9f"
  dependencies:
    merge "^2.1.1"
    node-events "0.0.2"

object-traversal@^1.0.1:
  version "1.0.1"
  resolved "https://registry.yarnpkg.com/object-traversal/-/object-traversal-1.0.1.tgz#9803bebf619c1ac514fcf6c698cd1037998ceb38"
  integrity sha512-aLXtM9kbcG/ePyZfB45B0FrIdu1yy3udQjIVmp2IVl2np52dBK5ZZBhdyUKFT6neCutwDhCW/kQ+e/0K5n/Jhw==

process-nextick-args@~1.0.6:
  version "1.0.7"
  resolved "https://registry.yarnpkg.com/process-nextick-args/-/process-nextick-args-1.0.7.tgz#150e20b756590ad3f91093f25a4f2ad8bff30ba3"
  integrity sha512-yN0WQmuCX63LP/TMvAg31nvT6m4vDqJEiiv2CAZqWOGNWutc9DfDk1NPYYmKUFmaVM2UwDowH4u5AHWYP/jxKw==

process-nextick-args@~2.0.0:
  version "2.0.1"
  resolved "https://registry.yarnpkg.com/process-nextick-args/-/process-nextick-args-2.0.1.tgz#7820d9b16120cc55ca9ae7792680ae7dba6d7fe2"
  integrity sha512-3ouUOpQhtgrbOa17J7+uxOTpITYWaGP7/AhoR3+A+/1e9skrzelGi/dXzEYyvbxubEF6Wn2ypscTKiKJFFn1ag==

ps-node@^0.1.6:
  version "0.1.6"
  resolved "https://registry.yarnpkg.com/ps-node/-/ps-node-0.1.6.tgz#9af67a99d7b1d0132e51a503099d38a8d2ace2c3"
  integrity sha512-w7QJhUTbu70hpDso0YXDRNKCPNuchV8UTUZsAv0m7Qj5g85oHOJfr9drA1EjvK4nQK/bG8P97W4L6PJ3IQLoOA==
  dependencies:
    table-parser "^0.1.3"

querystring@^0.2.0:
  version "0.2.1"
  resolved "https://registry.yarnpkg.com/querystring/-/querystring-0.2.1.tgz#40d77615bb09d16902a85c3e38aa8b5ed761c2dd"
  integrity sha512-wkvS7mL/JMugcup3/rMitHmd9ecIGd2lhFhK9N3UUQ450h66d1r3Y9nvXzQAW1Lq+wyx61k/1pfKS5KuKiyEbg==

readable-stream@2.3.3:
  version "2.3.3"
  resolved "https://registry.yarnpkg.com/readable-stream/-/readable-stream-2.3.3.tgz#368f2512d79f9d46fdfc71349ae7878bbc1eb95c"
  integrity sha512-m+qzzcn7KUxEmd1gMbchF+Y2eIUbieUaxkWtptyHywrX0rE8QEYqPC07Vuy4Wm32/xE16NcdBctb8S0Xe/5IeQ==
  dependencies:
    core-util-is "~1.0.0"
    inherits "~2.0.3"
    isarray "~1.0.0"
    process-nextick-args "~1.0.6"
    safe-buffer "~5.1.1"
    string_decoder "~1.0.3"
    util-deprecate "~1.0.1"

readable-stream@2.3.7:
  version "2.3.7"
  resolved "https://registry.yarnpkg.com/readable-stream/-/readable-stream-2.3.7.tgz#1eca1cf711aef814c04f62252a36a62f6cb23b57"
  integrity sha512-Ebho8K4jIbHAxnuxi7o42OrZgF/ZTNcsZj6nRKyUmkhLFq8CHItp/fy6hQZuZmP/n3yZ9VBUbp4zz/mX8hmYPw==
  dependencies:
    core-util-is "~1.0.0"
    inherits "~2.0.3"
    isarray "~1.0.0"
    process-nextick-args "~2.0.0"
    safe-buffer "~5.1.1"
    string_decoder "~1.1.1"
    util-deprecate "~1.0.1"

redis-proto@^2.1.0:
  version "2.1.0"
  resolved "https://registry.yarnpkg.com/redis-proto/-/redis-proto-2.1.0.tgz#84fb7f68ea49740ab14016708c9afde62a2a448a"
  integrity sha512-mURoDCN2VUgOEk3fdMuV9BaxfxzVsBobWeIC5ka7F+cOU1hPc25CgiXGet8EejjxQn+VxMbVYLN4j673ygZoXQ==

safe-buffer@5.1.1:
  version "5.1.1"
  resolved "https://registry.yarnpkg.com/safe-buffer/-/safe-buffer-5.1.1.tgz#893312af69b2123def71f57889001671eeb2c853"
  integrity sha512-kKvNJn6Mm93gAczWVJg7wH+wGYWNrDHdWvpUmHyEsgCtIwwo3bqPtV4tR5tuPaUhTOo/kvhVwd8XwwOllGYkbg==

safe-buffer@5.1.2, safe-buffer@~5.1.0, safe-buffer@~5.1.1:
  version "5.1.2"
  resolved "https://registry.yarnpkg.com/safe-buffer/-/safe-buffer-5.1.2.tgz#991ec69d296e0313747d59bdfd2b745c35f8828d"
  integrity sha512-Gd2UZBJDkXlY7GbJxfsE8/nvKkUEU1G38c1siN6QP6a9PT9MmHB8GnpscSmMJSoF8LOIrt8ud/wPtojys4G6+g==

semver@^7.3.5:
  version "7.5.3"
  resolved "https://registry.yarnpkg.com/semver/-/semver-7.5.3.tgz#161ce8c2c6b4b3bdca6caadc9fa3317a4c4fe88e"
  integrity sha512-QBlUtyVk/5EeHbi7X0fw6liDZc7BBmEaSYn01fMU1OUYbf6GPsbTtd8WmnqbI20SeycoHSeiybkE/q1Q+qlThQ==
  dependencies:
    lru-cache "^6.0.0"

set-value@>=4.0.1, set-value@^4.0.1:
  version "4.1.0"
  resolved "https://registry.yarnpkg.com/set-value/-/set-value-4.1.0.tgz#aa433662d87081b75ad88a4743bd450f044e7d09"
  integrity sha512-zTEg4HL0RwVrqcWs3ztF+x1vkxfm0lP+MQQFPiMJTKVceBwEV0A569Ou8l9IYQG8jOZdMVI1hGsc0tmeD2o/Lw==
  dependencies:
    is-plain-object "^2.0.4"
    is-primitive "^3.0.1"

sexp_builder@^1.6.10:
  version "1.6.13"
  resolved "https://registry.yarnpkg.com/sexp_builder/-/sexp_builder-1.6.13.tgz#8153d25fa4bf38992f10e9754661a570ad95486e"
  integrity sha512-TNmyFXF+MawHZ7UgNUsUZCm4YQ/ZEK69Kus8IeD0b7ldHbDD6DZRUCGdKOR2bGTerbUvWvIunUIGCwbq7B/uEA==
  dependencies:
    lodash "^4.17.21"
    node-notifier "^10.0.0"
    set-value ">=4.0.1"
    tmpl "^1.0.5"

shellwords@^0.1.1:
  version "0.1.1"
  resolved "https://registry.yarnpkg.com/shellwords/-/shellwords-0.1.1.tgz#d6b9181c1a48d397324c84871efbcfc73fc0654b"
  integrity sha512-vFwSUfQvqybiICwZY5+DAWIPLKsWO31Q91JSKl3UYv+K5c2QRPzn0qzec6QPu1Qc9eHYItiP3NdJqNVqetYAww==

sliced@^1.0.1:
  version "1.0.1"
  resolved "https://registry.yarnpkg.com/sliced/-/sliced-1.0.1.tgz#0b3a662b5d04c3177b1926bea82b03f837a2ef41"
  integrity sha512-VZBmZP8WU3sMOZm1bdgTadsQbcscK0UM8oKxKVBs4XAhUo2Xxzm/OFMGBkPusxw9xL3Uy8LrzEqGqJhclsr0yA==

sqlstring@2.3.0:
  version "2.3.0"
  resolved "https://registry.yarnpkg.com/sqlstring/-/sqlstring-2.3.0.tgz#525b8a4fd26d6f71aa61e822a6caf976d31ad2a8"
  integrity sha512-6GGE+iGeAJqxpcSzZFOwJmr97jtTszR6VYCDZp4pxuGjHRl8zSdpZfrU1fTpQ53s4tU0eLlrjD9wZpzJdEuchg==

sqlstring@2.3.1:
  version "2.3.1"
  resolved "https://registry.yarnpkg.com/sqlstring/-/sqlstring-2.3.1.tgz#475393ff9e91479aea62dcaf0ca3d14983a7fb40"
  integrity sha512-ooAzh/7dxIG5+uDik1z/Rd1vli0+38izZhGzSa34FwR7IbelPWCCKSNIl8jlL/F7ERvy8CB2jNeM1E9i9mXMAQ==

string-matching@^1.11.5, string-matching@^1.11.8:
  version "1.11.10"
  resolved "https://registry.yarnpkg.com/string-matching/-/string-matching-1.11.10.tgz#36d4169d583d8fbfdb3e486634d2752cb35211e4"
  integrity sha512-0hLSj4bx7c40gtLmpXrS7TOjZ3Hr2yot5ZFXGtquWujan3PMwHZlS4N5i5eBn2CUqMNmgqwDhvK60Hj74FjCew==
  dependencies:
    merge "^2.1.1"
    node-notifier "^10.0.0"
    set-value ">=4.0.1"
    tmpl "^1.0.5"

string_decoder@~1.0.3:
  version "1.0.3"
  resolved "https://registry.yarnpkg.com/string_decoder/-/string_decoder-1.0.3.tgz#0fc67d7c141825de94282dd536bec6b9bce860ab"
  integrity sha512-4AH6Z5fzNNBcH+6XDMfA/BTt87skxqJlO0lAh3Dker5zThcAxG6mKz+iGu308UKoPPQ8Dcqx/4JhujzltRa+hQ==
  dependencies:
    safe-buffer "~5.1.0"

string_decoder@~1.1.1:
  version "1.1.1"
  resolved "https://registry.yarnpkg.com/string_decoder/-/string_decoder-1.1.1.tgz#9cf1611ba62685d7030ae9e4ba34149c3af03fc8"
  integrity sha512-n/ShnvDi6FHbbVfviro+WojiFzv+s8MPMHBczVePfUpDJLwoLT0ht1l4YwBCbi8pJAveEEdnkHyPyTP/mzRfwg==
  dependencies:
    safe-buffer "~5.1.0"

supports-color@^7.1.0:
  version "7.2.0"
  resolved "https://registry.yarnpkg.com/supports-color/-/supports-color-7.2.0.tgz#1b7dcdcb32b8138801b3e478ba6a51caa89648da"
  integrity sha512-qpCAvRl9stuOHveKsn7HncJRvv501qIacKzQlO/+Lwxc9+0q2wLyv4Dfvt80/DPn2pqOBsJdDiogXGR9+OvwRw==
  dependencies:
    has-flag "^4.0.0"

table-parser@^0.1.3:
  version "0.1.3"
  resolved "https://registry.yarnpkg.com/table-parser/-/table-parser-0.1.3.tgz#0441cfce16a59481684c27d1b5a67ff15a43c7b0"
  integrity sha512-LCYeuvqqoPII3lzzYaXKbC3Forb+d2u4bNwhk/9FlivuGRxPE28YEWAYcujeSlLLDlMfvy29+WPybFJZFiKMYg==
  dependencies:
    connected-domain "^1.0.0"

test_spec_generator@^1.23.1:
  version "1.23.6"
  resolved "https://registry.yarnpkg.com/test_spec_generator/-/test_spec_generator-1.23.6.tgz#de1fcb7f60e32aa7142557a22fda8c33f7ccd00c"
  integrity sha512-U2ohdDJn9dz+X/x6NoJ2H3wsDme89FXwq55P8lh2HbtwYIOTKmEOGIHNqoHs0j9w/42klq+eTHoneU9dfRziIg==
  dependencies:
    clone "^2.1.2"
    data-matching "^1.23.6"
    kind-of "^6.0.3"
    lodash "^4.17.20"
    mysql_query_collector "^1.11.1"
    set-value "^4.0.1"
    sexp_builder "^1.6.10"
    string-matching "^1.11.5"
    traverse-template "^1.0.0"
    y18n "^5.0.8"

tmpl@^1.0.5:
  version "1.0.5"
  resolved "https://registry.yarnpkg.com/tmpl/-/tmpl-1.0.5.tgz#8683e0b902bb9c20c4f726e3c0b69f36518c07cc"
  integrity sha512-3f0uOEAQwIqGuWW2MVzYg8fV/QNnc/IpuJNG837rLuczAaLVHslWHZQj4IGiEl5Hs3kkbhwL9Ab7Hrsmuj+Smw==

to-regex-range@^5.0.1:
  version "5.0.1"
  resolved "https://registry.yarnpkg.com/to-regex-range/-/to-regex-range-5.0.1.tgz#1648c44aae7c8d988a326018ed72f5b4dd0392e4"
  integrity sha512-65P7iz6X5yEr1cwcgvQxbbIw7Uk3gOy5dIdtZ4rDveLqhrdJP+Li/Hx6tyK0NEb+2GCyneCMJiGqrADCSNk8sQ==
  dependencies:
    is-number "^7.0.0"

traverse-template@^1.0.0:
  version "1.0.0"
  resolved "https://registry.yarnpkg.com/traverse-template/-/traverse-template-1.0.0.tgz#fe554a51db7206e73f3a2a84c05c81ca7951e9cb"
  integrity sha512-8gi7wHTCk59xbBp2i+zCQ94FeR/5Dc4wN5eTQiBk0ijpnvbLxdzzUMbYPXX1sWUdK9UV6wjRxYa6u7lBby593g==
  dependencies:
    es6-template "^1.0.4"
    traverse "^0.6.6"

traverse@^0.6.6:
  version "0.6.6"
  resolved "https://registry.yarnpkg.com/traverse/-/traverse-0.6.6.tgz#cbdf560fd7b9af632502fed40f918c157ea97137"
  integrity sha512-kdf4JKs8lbARxWdp7RKdNzoJBhGUcIalSYibuGyHJbmk40pOysQ0+QPvlkCOICOivDWU2IJo2rkrxyTK2AH4fw==

util-deprecate@~1.0.1:
  version "1.0.2"
  resolved "https://registry.yarnpkg.com/util-deprecate/-/util-deprecate-1.0.2.tgz#450d4dc9fa70de732762fbd2d4a28981419a0ccf"
  integrity sha512-EPD5q1uXyFxJpCrLnCc1nHnq3gOa6DZBocAIiI2TaSCA7VCJ1UJDMagCzIkXNsUYfD1daK//LTEQ8xiIbrHtcw==

uuid@^8.3.2:
  version "8.3.2"
  resolved "https://registry.yarnpkg.com/uuid/-/uuid-8.3.2.tgz#80d5b5ced271bb9af6c445f21a1a04c606cefbe2"
  integrity sha512-+NYs2QeMWy+GWFOEm9xnn6HCDp0l7QBD7ml8zLUmJ+93Q5NF0NocErnwkTkXVFNiX3/fpC6afS8Dhb/gz7R7eg==

which@^2.0.2:
  version "2.0.2"
  resolved "https://registry.yarnpkg.com/which/-/which-2.0.2.tgz#7c6a8dd0a636a0327e10b59c9286eee93f3f51b1"
  integrity sha512-BLI3Tl1TW3Pvl70l3yq3Y64i+awpwXqsGBYWkkqMtnbXgrMD+yj7rhW0kuEDxzJaYXGjEW5ogapKNMEKNMjibA==
  dependencies:
    isexe "^2.0.0"

y18n@^5.0.8:
  version "5.0.8"
  resolved "https://registry.yarnpkg.com/y18n/-/y18n-5.0.8.tgz#7f4934d0f7ca8c56f95314939ddcd2dd91ce1d55"
  integrity sha512-0pfFzegeDWJHJIAmTLRP2DwHjdF5s7jo9tuztdQxAhINCdvS+3nGINqPd00AphqJR/0LhANUS6/+7SCb98YOfA==

yallist@^4.0.0:
  version "4.0.0"
  resolved "https://registry.yarnpkg.com/yallist/-/yallist-4.0.0.tgz#9bb92790d9c0effec63be73519e11a35019a3a72"
  integrity sha512-3wdGidZyq5PB084XLES5TpOSRA3wjXAlIWMhum2kRcv/41Sn2emQ0dycQW4uZXLejwKvg6EsvbdlVL+FYEct7A==

yargs-parser@^20.0.0:
  version "20.2.9"
  resolved "https://registry.yarnpkg.com/yargs-parser/-/yargs-parser-20.2.9.tgz#2eb7dc3b0289718fc295f362753845c41a0c94ee"
  integrity sha512-y11nGElTIV+CT3Zv9t7VKl+Q3hTQoT9a1Qzezhhl6Rp21gJ/IVTW7Z3y9EWXhuUBC2Shnf+DX0antecpAwSP8w==

zester@^2.20.9:
  version "2.21.0"
  resolved "https://registry.yarnpkg.com/zester/-/zester-2.21.0.tgz#a759f5f631447be9fa7586e053177af750aa265e"
  integrity sha512-S4nVVnNr+ufiAF7deDPTg9811Xfj9tNENZVu1AvlsR6DbdZJNhy6/WKYor9U0yIB/Xd/8yYw8mEZO7t2+D9/2Q==
  dependencies:
    chalk "^4.0.0"
    data-matching "^1.23.6"
    deasync "^0.1.19"
    magic-globals "github:MayamaTakeshi/magic-globals-MODS"
    moment "^2.29.1"
    set-value "^4.0.1"
    y18n "^5.0.8"
